{
  "name": "typedoc-plugin-external-module-map",
  "version": "1.2.0",
  "lockfileVersion": 1,
  "requires": true,
  "dependencies": {
    "balanced-match": {
      "version": "1.0.2",
      "resolved": "https://artifacts.mgm-tp.com:443/artifactory/api/npm/npm-repos/balanced-match/-/balanced-match-1.0.2.tgz",
      "integrity": "sha1-6D46fj8wCzTLnYf2FfoMvzV2kO4=",
      "dev": true
    },
    "brace-expansion": {
      "version": "1.1.11",
      "resolved": "https://artifacts.mgm-tp.com:443/artifactory/api/npm/npm-repos/brace-expansion/-/brace-expansion-1.1.11.tgz",
      "integrity": "sha1-PH/L9SnYcibz0vUrlm/1Jx60Qd0=",
      "dev": true,
      "requires": {
        "balanced-match": "^1.0.0",
        "concat-map": "0.0.1"
      }
    },
    "concat-map": {
      "version": "0.0.1",
      "resolved": "https://registry.npmjs.org/concat-map/-/concat-map-0.0.1.tgz",
      "integrity": "sha1-2Klr13/Wjfd5OnMDajug1UBdR3s=",
      "dev": true
    },
    "fs.realpath": {
      "version": "1.0.0",
      "resolved": "https://registry.npmjs.org/fs.realpath/-/fs.realpath-1.0.0.tgz",
      "integrity": "sha1-FQStJSMVjKpA20onh8sBQRmU6k8=",
      "dev": true
    },
    "glob": {
      "version": "7.2.0",
      "resolved": "https://artifacts.mgm-tp.com:443/artifactory/api/npm/npm-repos/glob/-/glob-7.2.0.tgz",
      "integrity": "sha1-0VU1r3cy4C6Uj0xBYovZECk/YCM=",
      "dev": true,
      "requires": {
        "fs.realpath": "^1.0.0",
        "inflight": "^1.0.4",
        "inherits": "2",
        "minimatch": "^3.0.4",
        "once": "^1.3.0",
        "path-is-absolute": "^1.0.0"
      }
    },
    "inflight": {
      "version": "1.0.6",
      "resolved": "https://registry.npmjs.org/inflight/-/inflight-1.0.6.tgz",
      "integrity": "sha1-Sb1jMdfQLQwJvJEKEHW6gWW1bfk=",
      "dev": true,
      "requires": {
        "once": "^1.3.0",
        "wrappy": "1"
      }
    },
    "inherits": {
      "version": "2.0.4",
      "resolved": "https://artifacts.mgm-tp.com:443/artifactory/api/npm/npm-repos/inherits/-/inherits-2.0.4.tgz",
      "integrity": "sha1-D6LGT5MpF8NDOg3tVTY6rjdBa3w=",
      "dev": true
    },
    "jsonc-parser": {
      "version": "3.0.0",
      "resolved": "https://artifacts.mgm-tp.com:443/artifactory/api/npm/npm-repos/jsonc-parser/-/jsonc-parser-3.0.0.tgz",
      "integrity": "sha1-q914VwHH5+rKip7IzwcMpRp0WiI=",
      "dev": true
    },
    "lunr": {
      "version": "2.3.9",
      "resolved": "https://artifacts.mgm-tp.com:443/artifactory/api/npm/npm-repos/lunr/-/lunr-2.3.9.tgz",
      "integrity": "sha1-GLEjFCgyM33W6WTfGlp3B7JdNeE=",
      "dev": true
    },
    "marked": {
      "version": "3.0.8",
      "resolved": "https://artifacts.mgm-tp.com:443/artifactory/api/npm/npm-repos/marked/-/marked-3.0.8.tgz",
      "integrity": "sha1-J4Xw3HnL3GA0vku08PCjlr0/ius=",
      "dev": true
    },
    "minimatch": {
      "version": "3.0.4",
      "resolved": "https://artifacts.mgm-tp.com:443/artifactory/api/npm/npm-repos/minimatch/-/minimatch-3.0.4.tgz",
      "integrity": "sha1-UWbihkV/AzBgZL5Ul+jbsMPTIIM=",
      "dev": true,
      "requires": {
        "brace-expansion": "^1.1.7"
      }
    },
    "once": {
      "version": "1.4.0",
      "resolved": "https://registry.npmjs.org/once/-/once-1.4.0.tgz",
      "integrity": "sha1-WDsap3WWHUsROsF9nFC6753Xa9E=",
      "dev": true,
      "requires": {
        "wrappy": "1"
      }
    },
    "path-is-absolute": {
      "version": "1.0.1",
      "resolved": "https://registry.npmjs.org/path-is-absolute/-/path-is-absolute-1.0.1.tgz",
      "integrity": "sha1-F0uSaHNVNP+8es5r9TpanhtcX18=",
      "dev": true
    },
    "shiki": {
      "version": "0.9.13",
      "resolved": "https://artifacts.mgm-tp.com:443/artifactory/api/npm/npm-repos/shiki/-/shiki-0.9.13.tgz",
      "integrity": "sha1-5k5lAskmSm2s9cZ/3E9dHKUQ10s=",
      "dev": true,
      "requires": {
        "jsonc-parser": "^3.0.0",
        "vscode-oniguruma": "^1.6.1",
        "vscode-textmate": "5.2.0"
      }
    },
    "typedoc": {
      "version": "0.22.10",
      "resolved": "https://artifacts.mgm-tp.com:443/artifactory/api/npm/npm-repos/typedoc/-/typedoc-0.22.10.tgz",
      "integrity": "sha1-Ih4aKxe8txgX7wJ9xMSWnVcudiA=",
      "dev": true,
      "requires": {
        "glob": "^7.2.0",
        "lunr": "^2.3.9",
        "marked": "^3.0.8",
        "minimatch": "^3.0.4",
        "shiki": "^0.9.12"
      }
    },
    "typescript": {
      "version": "4.5.2",
      "resolved": "https://artifacts.mgm-tp.com:443/artifactory/api/npm/npm-repos/typescript/-/typescript-4.5.2.tgz",
      "integrity": "sha1-isH7qfUiVv2wb7ieQSL6ajRsKZg=",
      "dev": true
    },
    "vscode-oniguruma": {
      "version": "1.6.1",
      "resolved": "https://artifacts.mgm-tp.com:443/artifactory/api/npm/npm-repos/vscode-oniguruma/-/vscode-oniguruma-1.6.1.tgz",
      "integrity": "sha1-K/Tfz+PdLlbrVJowaMjuOebDDOU=",
      "dev": true
    },
    "vscode-textmate": {
      "version": "5.2.0",
      "resolved": "https://artifacts.mgm-tp.com:443/artifactory/api/npm/npm-repos/vscode-textmate/-/vscode-textmate-5.2.0.tgz",
      "integrity": "sha1-AfAXYKOR6CIv5PM/vMvRrXGu104=",
      "dev": true
    },
    "wrappy": {
      "version": "1.0.2",
      "resolved": "https://registry.npmjs.org/wrappy/-/wrappy-1.0.2.tgz",
      "integrity": "sha1-tSQ9jz7BqjXxNkYFvA0QNuMKtp8=",
      "dev": true
    }
  }
}
