# THIS IS AN AUTOGENERATED FILE. DO NOT EDIT THIS FILE DIRECTLY.
# yarn lockfile v1


balanced-match@^0.4.1:
  version "0.4.2"
  resolved "https://registry.yarnpkg.com/balanced-match/-/balanced-match-0.4.2.tgz#cb3f3e3c732dc0f01ee70b403f302e61d7709838"

brace-expansion@^1.0.0:
  version "1.1.6"
  resolved "https://registry.yarnpkg.com/brace-expansion/-/brace-expansion-1.1.6.tgz#7197d7eaa9b87e648390ea61fc66c84427420df9"
  dependencies:
    balanced-match "^0.4.1"
    concat-map "0.0.1"

commander@~2.20.3:
  version "2.20.3"
  resolved "https://registry.yarnpkg.com/commander/-/commander-2.20.3.tgz#fd485e84c03eb4881c20722ba48035e8531aeb33"

concat-map@0.0.1:
  version "0.0.1"
  resolved "https://registry.yarnpkg.com/concat-map/-/concat-map-0.0.1.tgz#d8a96bd77fd68df7793a73036a3ba0d5405d477b"

fs-extra@^8.1.0:
  version "8.1.0"
  resolved "https://registry.yarnpkg.com/fs-extra/-/fs-extra-8.1.0.tgz#49d43c45a88cd9677668cb7be1b46efdb8d2e1c0"
  dependencies:
    graceful-fs "^4.2.0"
    jsonfile "^4.0.0"
    universalify "^0.1.0"

fs.realpath@^1.0.0:
  version "1.0.0"
  resolved "https://registry.yarnpkg.com/fs.realpath/-/fs.realpath-1.0.0.tgz#1504ad2523158caa40db4a2787cb01411994ea4f"

glob@^7.0.0:
  version "7.1.1"
  resolved "https://registry.yarnpkg.com/glob/-/glob-7.1.1.tgz#805211df04faaf1c63a3600306cdf5ade50b2ec8"
  dependencies:
    fs.realpath "^1.0.0"
    inflight "^1.0.4"
    inherits "2"
    minimatch "^3.0.2"
    once "^1.3.0"
    path-is-absolute "^1.0.0"

graceful-fs@^4.1.6:
  version "4.1.9"
  resolved "https://registry.yarnpkg.com/graceful-fs/-/graceful-fs-4.1.9.tgz#baacba37d19d11f9d146d3578bc99958c3787e29"

graceful-fs@^4.2.0:
  version "4.2.3"
  resolved "https://registry.yarnpkg.com/graceful-fs/-/graceful-fs-4.2.3.tgz#4a12ff1b60376ef09862c2093edd908328be8423"

handlebars@^4.7.3:
  version "4.7.3"
  resolved "https://registry.yarnpkg.com/handlebars/-/handlebars-4.7.3.tgz#8ece2797826886cf8082d1726ff21d2a022550ee"
  dependencies:
    neo-async "^2.6.0"
    optimist "^0.6.1"
    source-map "^0.6.1"
  optionalDependencies:
    uglify-js "^3.1.4"

highlight.js@^9.18.1:
  version "9.18.1"
  resolved "https://registry.yarnpkg.com/highlight.js/-/highlight.js-9.18.1.tgz#ed21aa001fe6252bb10a3d76d47573c6539fe13c"

inflight@^1.0.4:
  version "1.0.6"
  resolved "https://registry.yarnpkg.com/inflight/-/inflight-1.0.6.tgz#49bd6331d7d02d0c09bc910a1075ba8165b56df9"
  dependencies:
    once "^1.3.0"
    wrappy "1"

inherits@2:
  version "2.0.3"
  resolved "https://registry.yarnpkg.com/inherits/-/inherits-2.0.3.tgz#633c2c83e3da42a502f52466022480f4208261de"

interpret@^1.0.0:
  version "1.0.1"
  resolved "https://registry.yarnpkg.com/interpret/-/interpret-1.0.1.tgz#d579fb7f693b858004947af39fa0db49f795602c"

jsonfile@^4.0.0:
  version "4.0.0"
  resolved "https://registry.yarnpkg.com/jsonfile/-/jsonfile-4.0.0.tgz#8771aae0799b64076b76640fca058f9c10e33ecb"
  optionalDependencies:
    graceful-fs "^4.1.6"

lodash@^4.17.15:
  version "4.17.15"
  resolved "https://registry.yarnpkg.com/lodash/-/lodash-4.17.15.tgz#b447f6670a0455bbfeedd11392eff330ea097548"

lunr@^2.3.8:
  version "2.3.8"
  resolved "https://registry.yarnpkg.com/lunr/-/lunr-2.3.8.tgz#a8b89c31f30b5a044b97d2d28e2da191b6ba2072"

marked@0.8.0:
  version "0.8.0"
  resolved "https://registry.yarnpkg.com/marked/-/marked-0.8.0.tgz#ec5c0c9b93878dc52dd54be8d0e524097bd81a99"

minimatch@^3.0.0, minimatch@^3.0.2:
  version "3.0.3"
  resolved "https://registry.yarnpkg.com/minimatch/-/minimatch-3.0.3.tgz#2a4e4090b96b2db06a9d7df01055a62a77c9b774"
  dependencies:
    brace-expansion "^1.0.0"

minimist@~0.0.1:
  version "0.0.10"
  resolved "https://registry.yarnpkg.com/minimist/-/minimist-0.0.10.tgz#de3f98543dbf96082be48ad1a0c7cda836301dcf"

neo-async@^2.6.0:
  version "2.6.1"
  resolved "https://registry.yarnpkg.com/neo-async/-/neo-async-2.6.1.tgz#ac27ada66167fa8849a6addd837f6b189ad2081c"

once@^1.3.0:
  version "1.4.0"
  resolved "https://registry.yarnpkg.com/once/-/once-1.4.0.tgz#583b1aa775961d4b113ac17d9c50baef9dd76bd1"
  dependencies:
    wrappy "1"

optimist@^0.6.1:
  version "0.6.1"
  resolved "https://registry.yarnpkg.com/optimist/-/optimist-0.6.1.tgz#da3ea74686fa21a19a111c326e90eb15a0196686"
  dependencies:
    minimist "~0.0.1"
    wordwrap "~0.0.2"

path-is-absolute@^1.0.0:
  version "1.0.1"
  resolved "https://registry.yarnpkg.com/path-is-absolute/-/path-is-absolute-1.0.1.tgz#174b9268735534ffbc7ace6bf53a5a9e1b5c5f5f"

progress@^2.0.3:
  version "2.0.3"
  resolved "https://registry.yarnpkg.com/progress/-/progress-2.0.3.tgz#7e8cf8d8f5b8f239c1bc68beb4eb78567d572ef8"

rechoir@^0.6.2:
  version "0.6.2"
  resolved "https://registry.yarnpkg.com/rechoir/-/rechoir-0.6.2.tgz#85204b54dba82d5742e28c96756ef43af50e3384"
  dependencies:
    resolve "^1.1.6"

resolve@^1.1.6:
  version "1.1.7"
  resolved "https://registry.yarnpkg.com/resolve/-/resolve-1.1.7.tgz#203114d82ad2c5ed9e8e0411b3932875e889e97b"

shelljs@^0.8.3:
  version "0.8.3"
  resolved "https://registry.yarnpkg.com/shelljs/-/shelljs-0.8.3.tgz#a7f3319520ebf09ee81275b2368adb286659b097"
  dependencies:
    glob "^7.0.0"
    interpret "^1.0.0"
    rechoir "^0.6.2"

source-map@^0.6.1, source-map@~0.6.1:
  version "0.6.1"
  resolved "https://registry.yarnpkg.com/source-map/-/source-map-0.6.1.tgz#74722af32e9614e9c287a8d0bbde48b5e2f1a263"

typedoc-default-themes@^0.9.0:
  version "0.9.0"
  resolved "https://registry.yarnpkg.com/typedoc-default-themes/-/typedoc-default-themes-0.9.0.tgz#170132ddcdfb10823a0b006b0e084ebd4acb540c"
  dependencies:
    lunr "^2.3.8"

typedoc@^0.17.3:
  version "0.17.3"
  resolved "https://registry.yarnpkg.com/typedoc/-/typedoc-0.17.3.tgz#cd5b598f851a41a90d82b7651da35e62cf4fa0e4"
  dependencies:
    fs-extra "^8.1.0"
    handlebars "^4.7.3"
    highlight.js "^9.18.1"
    lodash "^4.17.15"
    marked "0.8.0"
    minimatch "^3.0.0"
    progress "^2.0.3"
    shelljs "^0.8.3"
    typedoc-default-themes "^0.9.0"

typescript@^3.8.3:
  version "3.8.3"
  resolved "https://registry.yarnpkg.com/typescript/-/typescript-3.8.3.tgz#409eb8544ea0335711205869ec458ab109ee1061"

uglify-js@^3.1.4:
  version "3.8.1"
  resolved "https://registry.yarnpkg.com/uglify-js/-/uglify-js-3.8.1.tgz#43bb15ce6f545eaa0a64c49fd29375ea09fa0f93"
  dependencies:
    commander "~2.20.3"
    source-map "~0.6.1"

universalify@^0.1.0:
  version "0.1.2"
  resolved "https://registry.yarnpkg.com/universalify/-/universalify-0.1.2.tgz#b646f69be3942dabcecc9d6639c80dc105efaa66"

wordwrap@~0.0.2:
  version "0.0.3"
  resolved "https://registry.yarnpkg.com/wordwrap/-/wordwrap-0.0.3.tgz#a3d5da6cd5c0bc0008d37234bbaf1bed63059107"

wrappy@1:
  version "1.0.2"
  resolved "https://registry.yarnpkg.com/wrappy/-/wrappy-1.0.2.tgz#b5243d8f3ec1aa35f1364605bc0d1036e30ab69f"
